
Microsoft Visual Studio Solution File, Format Version 12.00
# Visual Studio Version 16
VisualStudioVersion = 16.0.29613.14
MinimumVisualStudioVersion = 10.0.40219.1
Project("{FAE04EC0-301F-11D3-BF4B-00C04F79EFBC}") = "Ore", "Ore.csproj", "{C328F443-2A64-4B31-875A-0666B5D6CF53}"
EndProject
Project("{54435603-DBB4-11D2-8724-00A0C9A8B90C}") = "Setup", "bin\Debug\Setup\Setup.vdproj", "{40C973C2-D873-4C5B-A321-D6BBF80968A4}"
EndProject
Global
	GlobalSection(SolutionConfigurationPlatforms) = preSolution
		Debug|Any CPU = Debug|Any CPU
		Release|Any CPU = Release|Any CPU
	EndGlobalSection
	GlobalSection(ProjectConfigurationPlatforms) = postSolution
		{C328F443-2A64-4B31-875A-0666B5D6CF53}.Debug|Any CPU.ActiveCfg = Debug|Any CPU
		{C328F443-2A64-4B31-875A-0666B5D6CF53}.Debug|Any CPU.Build.0 = Debug|Any CPU
		{C328F443-2A64-4B31-875A-0666B5D6CF53}.Release|Any CPU.ActiveCfg = Release|Any CPU
		{C328F443-2A64-4B31-875A-0666B5D6CF53}.Release|Any CPU.Build.0 = Release|Any CPU
		{40C973C2-D873-4C5B-A321-D6BBF80968A4}.Debug|Any CPU.ActiveCfg = Debug
		{40C973C2-D873-4C5B-A321-D6BBF80968A4}.Release|Any CPU.ActiveCfg = Release
	EndGlobalSection
	GlobalSection(SolutionProperties) = preSolution
		HideSolutionNode = FALSE
	EndGlobalSection
	GlobalSection(ExtensibilityGlobals) = postSolution
		SolutionGuid = {28A19B0F-2797-4524-9A88-CC48F8907750}
	EndGlobalSection
EndGlobal
